// !$*UTF8*$!
{
	archiveVersion = 1;
	classes = {
	};
	objectVersion = 46;
	objects = {

/* Begin PBXBuildFile section */
		570ADE031AD59CBB009FDC4E /* downWalk.atlas in Resources */ = {isa = PBXBuildFile; fileRef = 570ADE021AD59CBB009FDC4E /* downWalk.atlas */; };
		5716445A1B022C9A00A45393 /* SignUpTableViewController.swift in Sources */ = {isa = PBXBuildFile; fileRef = 571644591B022C9A00A45393 /* SignUpTableViewController.swift */; };
		571F1A311B00BC2C000EE11C /* Player.swift in Sources */ = {isa = PBXBuildFile; fileRef = 571F1A301B00BC2C000EE11C /* Player.swift */; };
		5746AB511AFA5529004E06FE /* Security.framework in Frameworks */ = {isa = PBXBuildFile; fileRef = 5746AB501AFA5529004E06FE /* Security.framework */; };
		574980841B00B3DD00CE9A97 /* Main.storyboard in Resources */ = {isa = PBXBuildFile; fileRef = 574980821B00B3DD00CE9A97 /* Main.storyboard */; };
		575D6C0F1AFAB0D800D6AE41 /* OverviewViewController.swift in Sources */ = {isa = PBXBuildFile; fileRef = 575D6C0E1AFAB0D800D6AE41 /* OverviewViewController.swift */; };
		57775C4D1AFE8C93009ABF3C /* elf.atlas in Resources */ = {isa = PBXBuildFile; fileRef = 57775C411AFE8C93009ABF3C /* elf.atlas */; };
		57775C4E1AFE8C93009ABF3C /* elf.json in Resources */ = {isa = PBXBuildFile; fileRef = 57775C421AFE8C93009ABF3C /* elf.json */; };
		57775C4F1AFE8C93009ABF3C /* elfREADME.txt in Resources */ = {isa = PBXBuildFile; fileRef = 57775C431AFE8C93009ABF3C /* elfREADME.txt */; };
		57775C501AFE8C93009ABF3C /* goblin and spineboy license.txt in Resources */ = {isa = PBXBuildFile; fileRef = 57775C441AFE8C93009ABF3C /* goblin and spineboy license.txt */; };
		57775C511AFE8C93009ABF3C /* goblin.atlas in Resources */ = {isa = PBXBuildFile; fileRef = 57775C451AFE8C93009ABF3C /* goblin.atlas */; };
		57775C521AFE8C93009ABF3C /* goblin.json in Resources */ = {isa = PBXBuildFile; fileRef = 57775C461AFE8C93009ABF3C /* goblin.json */; };
		57775C531AFE8C93009ABF3C /* simpleAnimation.json in Resources */ = {isa = PBXBuildFile; fileRef = 57775C471AFE8C93009ABF3C /* simpleAnimation.json */; };
		57775C541AFE8C93009ABF3C /* simpleAnimations.spine in Resources */ = {isa = PBXBuildFile; fileRef = 57775C481AFE8C93009ABF3C /* simpleAnimations.spine */; };
		57775C551AFE8C93009ABF3C /* spineboy.atlas in Resources */ = {isa = PBXBuildFile; fileRef = 57775C491AFE8C93009ABF3C /* spineboy.atlas */; };
		57775C561AFE8C93009ABF3C /* spineboy.json in Resources */ = {isa = PBXBuildFile; fileRef = 57775C4A1AFE8C93009ABF3C /* spineboy.json */; };
		57775C571AFE8C93009ABF3C /* stepTesting.atlas in Resources */ = {isa = PBXBuildFile; fileRef = 57775C4B1AFE8C93009ABF3C /* stepTesting.atlas */; };
		57775C581AFE8C93009ABF3C /* stepTesting.json in Resources */ = {isa = PBXBuildFile; fileRef = 57775C4C1AFE8C93009ABF3C /* stepTesting.json */; };
		57775C5A1AFE9506009ABF3C /* Foundation.framework in Frameworks */ = {isa = PBXBuildFile; fileRef = 57775C591AFE9506009ABF3C /* Foundation.framework */; };
		5781FBD81AFCDB1300DFDE64 /* rightWalks.atlas in Resources */ = {isa = PBXBuildFile; fileRef = 5781FBD71AFCDB1300DFDE64 /* rightWalks.atlas */; };
		57851C011AFA76BC0000382F /* LoginViewController.swift in Sources */ = {isa = PBXBuildFile; fileRef = 57851C001AFA76BC0000382F /* LoginViewController.swift */; };
		579C8F711B04F2C3002E6E51 /* Robot.swift in Sources */ = {isa = PBXBuildFile; fileRef = 579C8F701B04F2C3002E6E51 /* Robot.swift */; };
		579C8F731B04F6DA002E6E51 /* User.swift in Sources */ = {isa = PBXBuildFile; fileRef = 579C8F721B04F6DA002E6E51 /* User.swift */; };
		579C8F751B04F6EE002E6E51 /* Skill.swift in Sources */ = {isa = PBXBuildFile; fileRef = 579C8F741B04F6EE002E6E51 /* Skill.swift */; };
		579C8F781B05113E002E6E51 /* RobotCollectionViewCell.xib in Resources */ = {isa = PBXBuildFile; fileRef = 579C8F771B05113E002E6E51 /* RobotCollectionViewCell.xib */; };
		579C8F7A1B0515D0002E6E51 /* RobotCollectionViewCell.swift in Sources */ = {isa = PBXBuildFile; fileRef = 579C8F791B0515D0002E6E51 /* RobotCollectionViewCell.swift */; };
		57B14FD01AFE5E51004B42A5 /* NavigationController.swift in Sources */ = {isa = PBXBuildFile; fileRef = 57B14FCF1AFE5E51004B42A5 /* NavigationController.swift */; };
		57B14FD21AFE60CB004B42A5 /* RootTabBarController.swift in Sources */ = {isa = PBXBuildFile; fileRef = 57B14FD11AFE60CB004B42A5 /* RootTabBarController.swift */; };
		57D1C66A1AD52ECF00609C72 /* AppDelegate.swift in Sources */ = {isa = PBXBuildFile; fileRef = 57D1C6691AD52ECF00609C72 /* AppDelegate.swift */; };
		57D1C66C1AD52ECF00609C72 /* HomeViewController.swift in Sources */ = {isa = PBXBuildFile; fileRef = 57D1C66B1AD52ECF00609C72 /* HomeViewController.swift */; };
		57D1C6741AD52ECF00609C72 /* LaunchScreen.xib in Resources */ = {isa = PBXBuildFile; fileRef = 57D1C6721AD52ECF00609C72 /* LaunchScreen.xib */; };
		57D1C6801AD52ECF00609C72 /* MetalMindTests.swift in Sources */ = {isa = PBXBuildFile; fileRef = 57D1C67F1AD52ECF00609C72 /* MetalMindTests.swift */; };
		57D1C68A1AD54F6B00609C72 /* OverviewScene.swift in Sources */ = {isa = PBXBuildFile; fileRef = 57D1C6891AD54F6B00609C72 /* OverviewScene.swift */; };
		57D1C68C1AD5535A00609C72 /* SpriteKit.framework in Frameworks */ = {isa = PBXBuildFile; fileRef = 57D1C68B1AD5535A00609C72 /* SpriteKit.framework */; };
		57D8EF741AFE7A9D001807B5 /* idleCharTest.atlas in Resources */ = {isa = PBXBuildFile; fileRef = 57D8EF731AFE7A9D001807B5 /* idleCharTest.atlas */; };
		57D8EF761AFE8A53001807B5 /* CoreData.framework in Frameworks */ = {isa = PBXBuildFile; fileRef = 57D8EF751AFE8A53001807B5 /* CoreData.framework */; };
		57D8EF781AFE8A5D001807B5 /* CoreGraphics.framework in Frameworks */ = {isa = PBXBuildFile; fileRef = 57D8EF771AFE8A5D001807B5 /* CoreGraphics.framework */; };
		57FAF4381AD6625A0044847F /* Images.xcassets in Resources */ = {isa = PBXBuildFile; fileRef = 57FAF4371AD6625A0044847F /* Images.xcassets */; };
		B806B793449ECB995F1E0DB1 /* Pods_MetalMind.framework in Frameworks */ = {isa = PBXBuildFile; fileRef = 040470657417509BAFA9A234 /* Pods_MetalMind.framework */; settings = {ATTRIBUTES = (Weak, ); }; };
/* End PBXBuildFile section */

/* Begin PBXContainerItemProxy section */
		57D1C67A1AD52ECF00609C72 /* PBXContainerItemProxy */ = {
			isa = PBXContainerItemProxy;
			containerPortal = 57D1C65C1AD52ECF00609C72 /* Project object */;
			proxyType = 1;
			remoteGlobalIDString = 57D1C6631AD52ECF00609C72;
			remoteInfo = MetalMind;
		};
/* End PBXContainerItemProxy section */

/* Begin PBXFileReference section */
		040470657417509BAFA9A234 /* Pods_MetalMind.framework */ = {isa = PBXFileReference; explicitFileType = wrapper.framework; includeInIndex = 0; path = Pods_MetalMind.framework; sourceTree = BUILT_PRODUCTS_DIR; };
		4517CF1532232E21965A8836 /* Pods-MetalMind.debug.xcconfig */ = {isa = PBXFileReference; includeInIndex = 1; lastKnownFileType = text.xcconfig; name = "Pods-MetalMind.debug.xcconfig"; path = "Pods/Target Support Files/Pods-MetalMind/Pods-MetalMind.debug.xcconfig"; sourceTree = "<group>"; };
		570ADE021AD59CBB009FDC4E /* downWalk.atlas */ = {isa = PBXFileReference; lastKnownFileType = folder.skatlas; path = downWalk.atlas; sourceTree = "<group>"; };
		571644591B022C9A00A45393 /* SignUpTableViewController.swift */ = {isa = PBXFileReference; fileEncoding = 4; lastKnownFileType = sourcecode.swift; path = SignUpTableViewController.swift; sourceTree = "<group>"; };
		571F1A301B00BC2C000EE11C /* Player.swift */ = {isa = PBXFileReference; fileEncoding = 4; lastKnownFileType = sourcecode.swift; path = Player.swift; sourceTree = "<group>"; };
		5746AB501AFA5529004E06FE /* Security.framework */ = {isa = PBXFileReference; lastKnownFileType = wrapper.framework; name = Security.framework; path = System/Library/Frameworks/Security.framework; sourceTree = SDKROOT; };
		574980831B00B3DD00CE9A97 /* Base */ = {isa = PBXFileReference; lastKnownFileType = file.storyboard; name = Base; path = Base.lproj/Main.storyboard; sourceTree = "<group>"; };
		575D6C0E1AFAB0D800D6AE41 /* OverviewViewController.swift */ = {isa = PBXFileReference; fileEncoding = 4; lastKnownFileType = sourcecode.swift; path = OverviewViewController.swift; sourceTree = "<group>"; };
		57775C411AFE8C93009ABF3C /* elf.atlas */ = {isa = PBXFileReference; lastKnownFileType = folder.skatlas; path = elf.atlas; sourceTree = "<group>"; };
		57775C421AFE8C93009ABF3C /* elf.json */ = {isa = PBXFileReference; fileEncoding = 4; lastKnownFileType = text.json; path = elf.json; sourceTree = "<group>"; };
		57775C431AFE8C93009ABF3C /* elfREADME.txt */ = {isa = PBXFileReference; fileEncoding = 4; lastKnownFileType = text; path = elfREADME.txt; sourceTree = "<group>"; };
		57775C441AFE8C93009ABF3C /* goblin and spineboy license.txt */ = {isa = PBXFileReference; fileEncoding = 4; lastKnownFileType = text; path = "goblin and spineboy license.txt"; sourceTree = "<group>"; };
		57775C451AFE8C93009ABF3C /* goblin.atlas */ = {isa = PBXFileReference; lastKnownFileType = folder.skatlas; path = goblin.atlas; sourceTree = "<group>"; };
		57775C461AFE8C93009ABF3C /* goblin.json */ = {isa = PBXFileReference; fileEncoding = 4; lastKnownFileType = text.json; path = goblin.json; sourceTree = "<group>"; };
		57775C471AFE8C93009ABF3C /* simpleAnimation.json */ = {isa = PBXFileReference; fileEncoding = 4; lastKnownFileType = text.json; path = simpleAnimation.json; sourceTree = "<group>"; };
		57775C481AFE8C93009ABF3C /* simpleAnimations.spine */ = {isa = PBXFileReference; lastKnownFileType = file; path = simpleAnimations.spine; sourceTree = "<group>"; };
		57775C491AFE8C93009ABF3C /* spineboy.atlas */ = {isa = PBXFileReference; lastKnownFileType = folder.skatlas; path = spineboy.atlas; sourceTree = "<group>"; };
		57775C4A1AFE8C93009ABF3C /* spineboy.json */ = {isa = PBXFileReference; fileEncoding = 4; lastKnownFileType = text.json; path = spineboy.json; sourceTree = "<group>"; };
		57775C4B1AFE8C93009ABF3C /* stepTesting.atlas */ = {isa = PBXFileReference; lastKnownFileType = folder.skatlas; path = stepTesting.atlas; sourceTree = "<group>"; };
		57775C4C1AFE8C93009ABF3C /* stepTesting.json */ = {isa = PBXFileReference; fileEncoding = 4; lastKnownFileType = text.json; path = stepTesting.json; sourceTree = "<group>"; };
		57775C591AFE9506009ABF3C /* Foundation.framework */ = {isa = PBXFileReference; lastKnownFileType = wrapper.framework; name = Foundation.framework; path = System/Library/Frameworks/Foundation.framework; sourceTree = SDKROOT; };
		5781FBD71AFCDB1300DFDE64 /* rightWalks.atlas */ = {isa = PBXFileReference; lastKnownFileType = folder.skatlas; path = rightWalks.atlas; sourceTree = "<group>"; };
		57851C001AFA76BC0000382F /* LoginViewController.swift */ = {isa = PBXFileReference; fileEncoding = 4; lastKnownFileType = sourcecode.swift; path = LoginViewController.swift; sourceTree = "<group>"; };
		579C8F701B04F2C3002E6E51 /* Robot.swift */ = {isa = PBXFileReference; fileEncoding = 4; lastKnownFileType = sourcecode.swift; path = Robot.swift; sourceTree = "<group>"; };
		579C8F721B04F6DA002E6E51 /* User.swift */ = {isa = PBXFileReference; fileEncoding = 4; lastKnownFileType = sourcecode.swift; path = User.swift; sourceTree = "<group>"; };
		579C8F741B04F6EE002E6E51 /* Skill.swift */ = {isa = PBXFileReference; fileEncoding = 4; lastKnownFileType = sourcecode.swift; path = Skill.swift; sourceTree = "<group>"; };
		579C8F771B05113E002E6E51 /* RobotCollectionViewCell.xib */ = {isa = PBXFileReference; fileEncoding = 4; lastKnownFileType = file.xib; path = RobotCollectionViewCell.xib; sourceTree = "<group>"; };
		579C8F791B0515D0002E6E51 /* RobotCollectionViewCell.swift */ = {isa = PBXFileReference; fileEncoding = 4; lastKnownFileType = sourcecode.swift; path = RobotCollectionViewCell.swift; sourceTree = "<group>"; };
		57B14FCF1AFE5E51004B42A5 /* NavigationController.swift */ = {isa = PBXFileReference; fileEncoding = 4; lastKnownFileType = sourcecode.swift; path = NavigationController.swift; sourceTree = "<group>"; };
		57B14FD11AFE60CB004B42A5 /* RootTabBarController.swift */ = {isa = PBXFileReference; fileEncoding = 4; lastKnownFileType = sourcecode.swift; path = RootTabBarController.swift; sourceTree = "<group>"; };
		57D1C6641AD52ECF00609C72 /* MetalMind.app */ = {isa = PBXFileReference; explicitFileType = wrapper.application; includeInIndex = 0; path = MetalMind.app; sourceTree = BUILT_PRODUCTS_DIR; };
		57D1C6681AD52ECF00609C72 /* Info.plist */ = {isa = PBXFileReference; lastKnownFileType = text.plist.xml; path = Info.plist; sourceTree = "<group>"; };
		57D1C6691AD52ECF00609C72 /* AppDelegate.swift */ = {isa = PBXFileReference; lastKnownFileType = sourcecode.swift; path = AppDelegate.swift; sourceTree = "<group>"; };
		57D1C66B1AD52ECF00609C72 /* HomeViewController.swift */ = {isa = PBXFileReference; lastKnownFileType = sourcecode.swift; path = HomeViewController.swift; sourceTree = "<group>"; };
		57D1C6731AD52ECF00609C72 /* Base */ = {isa = PBXFileReference; lastKnownFileType = file.xib; name = Base; path = Base.lproj/LaunchScreen.xib; sourceTree = "<group>"; };
		57D1C6791AD52ECF00609C72 /* MetalMindTests.xctest */ = {isa = PBXFileReference; explicitFileType = wrapper.cfbundle; includeInIndex = 0; path = MetalMindTests.xctest; sourceTree = BUILT_PRODUCTS_DIR; };
		57D1C67E1AD52ECF00609C72 /* Info.plist */ = {isa = PBXFileReference; lastKnownFileType = text.plist.xml; path = Info.plist; sourceTree = "<group>"; };
		57D1C67F1AD52ECF00609C72 /* MetalMindTests.swift */ = {isa = PBXFileReference; lastKnownFileType = sourcecode.swift; path = MetalMindTests.swift; sourceTree = "<group>"; };
		57D1C6891AD54F6B00609C72 /* OverviewScene.swift */ = {isa = PBXFileReference; fileEncoding = 4; lastKnownFileType = sourcecode.swift; path = OverviewScene.swift; sourceTree = "<group>"; };
		57D1C68B1AD5535A00609C72 /* SpriteKit.framework */ = {isa = PBXFileReference; lastKnownFileType = wrapper.framework; name = SpriteKit.framework; path = System/Library/Frameworks/SpriteKit.framework; sourceTree = SDKROOT; };
		57D8EF731AFE7A9D001807B5 /* idleCharTest.atlas */ = {isa = PBXFileReference; lastKnownFileType = folder.skatlas; path = idleCharTest.atlas; sourceTree = "<group>"; };
		57D8EF751AFE8A53001807B5 /* CoreData.framework */ = {isa = PBXFileReference; lastKnownFileType = wrapper.framework; name = CoreData.framework; path = System/Library/Frameworks/CoreData.framework; sourceTree = SDKROOT; };
		57D8EF771AFE8A5D001807B5 /* CoreGraphics.framework */ = {isa = PBXFileReference; lastKnownFileType = wrapper.framework; name = CoreGraphics.framework; path = System/Library/Frameworks/CoreGraphics.framework; sourceTree = SDKROOT; };
		57D8EF791AFE8A93001807B5 /* MetalMind-Bridging-Header.h */ = {isa = PBXFileReference; lastKnownFileType = sourcecode.c.h; path = "MetalMind-Bridging-Header.h"; sourceTree = SOURCE_ROOT; };
		57FAF4371AD6625A0044847F /* Images.xcassets */ = {isa = PBXFileReference; lastKnownFileType = folder.assetcatalog; path = Images.xcassets; sourceTree = "<group>"; };
		B098905582B444E282A95529 /* Pods-MetalMind.release.xcconfig */ = {isa = PBXFileReference; includeInIndex = 1; lastKnownFileType = text.xcconfig; name = "Pods-MetalMind.release.xcconfig"; path = "Pods/Target Support Files/Pods-MetalMind/Pods-MetalMind.release.xcconfig"; sourceTree = "<group>"; };
/* End PBXFileReference section */

/* Begin PBXFrameworksBuildPhase section */
		57D1C6611AD52ECF00609C72 /* Frameworks */ = {
			isa = PBXFrameworksBuildPhase;
			buildActionMask = 2147483647;
			files = (
				57775C5A1AFE9506009ABF3C /* Foundation.framework in Frameworks */,
				57D8EF781AFE8A5D001807B5 /* CoreGraphics.framework in Frameworks */,
				57D8EF761AFE8A53001807B5 /* CoreData.framework in Frameworks */,
				5746AB511AFA5529004E06FE /* Security.framework in Frameworks */,
				57D1C68C1AD5535A00609C72 /* SpriteKit.framework in Frameworks */,
				B806B793449ECB995F1E0DB1 /* Pods_MetalMind.framework in Frameworks */,
			);
			runOnlyForDeploymentPostprocessing = 0;
		};
		57D1C6761AD52ECF00609C72 /* Frameworks */ = {
			isa = PBXFrameworksBuildPhase;
			buildActionMask = 2147483647;
			files = (
			);
			runOnlyForDeploymentPostprocessing = 0;
		};
/* End PBXFrameworksBuildPhase section */

/* Begin PBXGroup section */
		571F1A321B00BCD4000EE11C /* Model */ = {
			isa = PBXGroup;
			children = (
				571F1A301B00BC2C000EE11C /* Player.swift */,
				579C8F701B04F2C3002E6E51 /* Robot.swift */,
				579C8F721B04F6DA002E6E51 /* User.swift */,
				579C8F741B04F6EE002E6E51 /* Skill.swift */,
			);
			name = Model;
			sourceTree = "<group>";
		};
		571F1A331B00BCDD000EE11C /* Controller */ = {
			isa = PBXGroup;
			children = (
				57B14FD11AFE60CB004B42A5 /* RootTabBarController.swift */,
				57B14FCF1AFE5E51004B42A5 /* NavigationController.swift */,
				57D1C66B1AD52ECF00609C72 /* HomeViewController.swift */,
				57D1C6891AD54F6B00609C72 /* OverviewScene.swift */,
				57851C001AFA76BC0000382F /* LoginViewController.swift */,
				571644591B022C9A00A45393 /* SignUpTableViewController.swift */,
				575D6C0E1AFAB0D800D6AE41 /* OverviewViewController.swift */,
				579C8F791B0515D0002E6E51 /* RobotCollectionViewCell.swift */,
				579C8F761B0510E9002E6E51 /* View */,
			);
			name = Controller;
			sourceTree = "<group>";
		};
		57775C2A1AFE8C4B009ABF3C /* Spine */ = {
			isa = PBXGroup;
			children = (
				57775C411AFE8C93009ABF3C /* elf.atlas */,
				57775C421AFE8C93009ABF3C /* elf.json */,
				57775C431AFE8C93009ABF3C /* elfREADME.txt */,
				57775C441AFE8C93009ABF3C /* goblin and spineboy license.txt */,
				57775C451AFE8C93009ABF3C /* goblin.atlas */,
				57775C461AFE8C93009ABF3C /* goblin.json */,
				57775C471AFE8C93009ABF3C /* simpleAnimation.json */,
				57775C481AFE8C93009ABF3C /* simpleAnimations.spine */,
				57775C491AFE8C93009ABF3C /* spineboy.atlas */,
				57775C4A1AFE8C93009ABF3C /* spineboy.json */,
				57775C4B1AFE8C93009ABF3C /* stepTesting.atlas */,
				57775C4C1AFE8C93009ABF3C /* stepTesting.json */,
			);
			name = Spine;
			path = ..;
			sourceTree = "<group>";
		};
		579C8F761B0510E9002E6E51 /* View */ = {
			isa = PBXGroup;
			children = (
				579C8F771B05113E002E6E51 /* RobotCollectionViewCell.xib */,
			);
			name = View;
			sourceTree = "<group>";
		};
		57D1C65B1AD52ECF00609C72 = {
			isa = PBXGroup;
			children = (
				57D1C6661AD52ECF00609C72 /* MetalMind */,
				57D1C67C1AD52ECF00609C72 /* MetalMindTests */,
				57D1C6651AD52ECF00609C72 /* Products */,
				57D1C68D1AD5536D00609C72 /* Frameworks */,
				83AD9FDC8925E0D4D78C0FCD /* Pods */,
			);
			sourceTree = "<group>";
		};
		57D1C6651AD52ECF00609C72 /* Products */ = {
			isa = PBXGroup;
			children = (
				57D1C6641AD52ECF00609C72 /* MetalMind.app */,
				57D1C6791AD52ECF00609C72 /* MetalMindTests.xctest */,
			);
			name = Products;
			sourceTree = "<group>";
		};
		57D1C6661AD52ECF00609C72 /* MetalMind */ = {
			isa = PBXGroup;
			children = (
				574980821B00B3DD00CE9A97 /* Main.storyboard */,
				571F1A321B00BCD4000EE11C /* Model */,
				571F1A331B00BCDD000EE11C /* Controller */,
				57D1C6671AD52ECF00609C72 /* Supporting Files */,
			);
			path = MetalMind;
			sourceTree = "<group>";
		};
		57D1C6671AD52ECF00609C72 /* Supporting Files */ = {
			isa = PBXGroup;
			children = (
				57775C2A1AFE8C4B009ABF3C /* Spine */,
				57D1C6691AD52ECF00609C72 /* AppDelegate.swift */,
				57D8EF791AFE8A93001807B5 /* MetalMind-Bridging-Header.h */,
				57FAF4371AD6625A0044847F /* Images.xcassets */,
				57D8EF731AFE7A9D001807B5 /* idleCharTest.atlas */,
				5781FBD71AFCDB1300DFDE64 /* rightWalks.atlas */,
				570ADE021AD59CBB009FDC4E /* downWalk.atlas */,
				57D1C6721AD52ECF00609C72 /* LaunchScreen.xib */,
				57D1C6681AD52ECF00609C72 /* Info.plist */,
			);
			name = "Supporting Files";
			sourceTree = "<group>";
		};
		57D1C67C1AD52ECF00609C72 /* MetalMindTests */ = {
			isa = PBXGroup;
			children = (
				57D1C67F1AD52ECF00609C72 /* MetalMindTests.swift */,
				57D1C67D1AD52ECF00609C72 /* Supporting Files */,
			);
			path = MetalMindTests;
			sourceTree = "<group>";
		};
		57D1C67D1AD52ECF00609C72 /* Supporting Files */ = {
			isa = PBXGroup;
			children = (
				57D1C67E1AD52ECF00609C72 /* Info.plist */,
			);
			name = "Supporting Files";
			sourceTree = "<group>";
		};
		57D1C68D1AD5536D00609C72 /* Frameworks */ = {
			isa = PBXGroup;
			children = (
				57775C591AFE9506009ABF3C /* Foundation.framework */,
				57D8EF771AFE8A5D001807B5 /* CoreGraphics.framework */,
				57D8EF751AFE8A53001807B5 /* CoreData.framework */,
				5746AB501AFA5529004E06FE /* Security.framework */,
				57D1C68B1AD5535A00609C72 /* SpriteKit.framework */,
				040470657417509BAFA9A234 /* Pods_MetalMind.framework */,
			);
			name = Frameworks;
			sourceTree = "<group>";
		};
		83AD9FDC8925E0D4D78C0FCD /* Pods */ = {
			isa = PBXGroup;
			children = (
				4517CF1532232E21965A8836 /* Pods-MetalMind.debug.xcconfig */,
				B098905582B444E282A95529 /* Pods-MetalMind.release.xcconfig */,
			);
			name = Pods;
			sourceTree = "<group>";
		};
/* End PBXGroup section */

/* Begin PBXNativeTarget section */
		57D1C6631AD52ECF00609C72 /* MetalMind */ = {
			isa = PBXNativeTarget;
			buildConfigurationList = 57D1C6831AD52ECF00609C72 /* Build configuration list for PBXNativeTarget "MetalMind" */;
			buildPhases = (
				C6428D2A90A44FA008E0DA74 /* Check Pods Manifest.lock */,
				57D1C6601AD52ECF00609C72 /* Sources */,
				57D1C6611AD52ECF00609C72 /* Frameworks */,
				57D1C6621AD52ECF00609C72 /* Resources */,
				76822AAE1B896AC65F663A48 /* Embed Pods Frameworks */,
				24CCEDF5CA928C0031495A74 /* Copy Pods Resources */,
			);
			buildRules = (
			);
			dependencies = (
			);
			name = MetalMind;
			productName = MetalMind;
			productReference = 57D1C6641AD52ECF00609C72 /* MetalMind.app */;
			productType = "com.apple.product-type.application";
		};
		57D1C6781AD52ECF00609C72 /* MetalMindTests */ = {
			isa = PBXNativeTarget;
			buildConfigurationList = 57D1C6861AD52ECF00609C72 /* Build configuration list for PBXNativeTarget "MetalMindTests" */;
			buildPhases = (
				57D1C6751AD52ECF00609C72 /* Sources */,
				57D1C6761AD52ECF00609C72 /* Frameworks */,
				57D1C6771AD52ECF00609C72 /* Resources */,
			);
			buildRules = (
			);
			dependencies = (
				57D1C67B1AD52ECF00609C72 /* PBXTargetDependency */,
			);
			name = MetalMindTests;
			productName = MetalMindTests;
			productReference = 57D1C6791AD52ECF00609C72 /* MetalMindTests.xctest */;
			productType = "com.apple.product-type.bundle.unit-test";
		};
/* End PBXNativeTarget section */

/* Begin PBXProject section */
		57D1C65C1AD52ECF00609C72 /* Project object */ = {
			isa = PBXProject;
			attributes = {
				LastUpgradeCheck = 0620;
				ORGANIZATIONNAME = simple;
				TargetAttributes = {
					57D1C6631AD52ECF00609C72 = {
						CreatedOnToolsVersion = 6.2;
					};
					57D1C6781AD52ECF00609C72 = {
						CreatedOnToolsVersion = 6.2;
						TestTargetID = 57D1C6631AD52ECF00609C72;
					};
				};
			};
			buildConfigurationList = 57D1C65F1AD52ECF00609C72 /* Build configuration list for PBXProject "MetalMind" */;
			compatibilityVersion = "Xcode 3.2";
			developmentRegion = English;
			hasScannedForEncodings = 0;
			knownRegions = (
				en,
				Base,
			);
			mainGroup = 57D1C65B1AD52ECF00609C72;
			productRefGroup = 57D1C6651AD52ECF00609C72 /* Products */;
			projectDirPath = "";
			projectRoot = "";
			targets = (
				57D1C6631AD52ECF00609C72 /* MetalMind */,
				57D1C6781AD52ECF00609C72 /* MetalMindTests */,
			);
		};
/* End PBXProject section */

/* Begin PBXResourcesBuildPhase section */
		57D1C6621AD52ECF00609C72 /* Resources */ = {
			isa = PBXResourcesBuildPhase;
			buildActionMask = 2147483647;
			files = (
				57775C511AFE8C93009ABF3C /* goblin.atlas in Resources */,
				57775C4F1AFE8C93009ABF3C /* elfREADME.txt in Resources */,
				57775C581AFE8C93009ABF3C /* stepTesting.json in Resources */,
				57775C521AFE8C93009ABF3C /* goblin.json in Resources */,
				579C8F781B05113E002E6E51 /* RobotCollectionViewCell.xib in Resources */,
				57FAF4381AD6625A0044847F /* Images.xcassets in Resources */,
				5781FBD81AFCDB1300DFDE64 /* rightWalks.atlas in Resources */,
				57775C4D1AFE8C93009ABF3C /* elf.atlas in Resources */,
				570ADE031AD59CBB009FDC4E /* downWalk.atlas in Resources */,
				57D1C6741AD52ECF00609C72 /* LaunchScreen.xib in Resources */,
				57775C571AFE8C93009ABF3C /* stepTesting.atlas in Resources */,
				57D8EF741AFE7A9D001807B5 /* idleCharTest.atlas in Resources */,
				57775C551AFE8C93009ABF3C /* spineboy.atlas in Resources */,
				57775C541AFE8C93009ABF3C /* simpleAnimations.spine in Resources */,
				57775C531AFE8C93009ABF3C /* simpleAnimation.json in Resources */,
				57775C4E1AFE8C93009ABF3C /* elf.json in Resources */,
				574980841B00B3DD00CE9A97 /* Main.storyboard in Resources */,
				57775C561AFE8C93009ABF3C /* spineboy.json in Resources */,
				57775C501AFE8C93009ABF3C /* goblin and spineboy license.txt in Resources */,
			);
			runOnlyForDeploymentPostprocessing = 0;
		};
		57D1C6771AD52ECF00609C72 /* Resources */ = {
			isa = PBXResourcesBuildPhase;
			buildActionMask = 2147483647;
			files = (
			);
			runOnlyForDeploymentPostprocessing = 0;
		};
/* End PBXResourcesBuildPhase section */

/* Begin PBXShellScriptBuildPhase section */
		24CCEDF5CA928C0031495A74 /* Copy Pods Resources */ = {
			isa = PBXShellScriptBuildPhase;
			buildActionMask = 2147483647;
			files = (
			);
			inputPaths = (
			);
			name = "Copy Pods Resources";
			outputPaths = (
			);
			runOnlyForDeploymentPostprocessing = 0;
			shellPath = /bin/sh;
			shellScript = "\"${SRCROOT}/Pods/Target Support Files/Pods-MetalMind/Pods-MetalMind-resources.sh\"\n";
			showEnvVarsInLog = 0;
		};
		76822AAE1B896AC65F663A48 /* Embed Pods Frameworks */ = {
			isa = PBXShellScriptBuildPhase;
			buildActionMask = 2147483647;
			files = (
			);
			inputPaths = (
			);
			name = "Embed Pods Frameworks";
			outputPaths = (
			);
			runOnlyForDeploymentPostprocessing = 0;
			shellPath = /bin/sh;
			shellScript = "\"${SRCROOT}/Pods/Target Support Files/Pods-MetalMind/Pods-MetalMind-frameworks.sh\"\n";
			showEnvVarsInLog = 0;
		};
		C6428D2A90A44FA008E0DA74 /* Check Pods Manifest.lock */ = {
			isa = PBXShellScriptBuildPhase;
			buildActionMask = 2147483647;
			files = (
			);
			inputPaths = (
			);
			name = "Check Pods Manifest.lock";
			outputPaths = (
			);
			runOnlyForDeploymentPostprocessing = 0;
			shellPath = /bin/sh;
			shellScript = "diff \"${PODS_ROOT}/../Podfile.lock\" \"${PODS_ROOT}/Manifest.lock\" > /dev/null\nif [[ $? != 0 ]] ; then\n    cat << EOM\nerror: The sandbox is not in sync with the Podfile.lock. Run 'pod install' or update your CocoaPods installation.\nEOM\n    exit 1\nfi\n";
			showEnvVarsInLog = 0;
		};
/* End PBXShellScriptBuildPhase section */

/* Begin PBXSourcesBuildPhase section */
		57D1C6601AD52ECF00609C72 /* Sources */ = {
			isa = PBXSourcesBuildPhase;
			buildActionMask = 2147483647;
			files = (
				57851C011AFA76BC0000382F /* LoginViewController.swift in Sources */,
				579C8F7A1B0515D0002E6E51 /* RobotCollectionViewCell.swift in Sources */,
				57B14FD21AFE60CB004B42A5 /* RootTabBarController.swift in Sources */,
				57B14FD01AFE5E51004B42A5 /* NavigationController.swift in Sources */,
				57D1C68A1AD54F6B00609C72 /* OverviewScene.swift in Sources */,
				571F1A311B00BC2C000EE11C /* Player.swift in Sources */,
				579C8F711B04F2C3002E6E51 /* Robot.swift in Sources */,
				575D6C0F1AFAB0D800D6AE41 /* OverviewViewController.swift in Sources */,
				5716445A1B022C9A00A45393 /* SignUpTableViewController.swift in Sources */,
				57D1C66C1AD52ECF00609C72 /* HomeViewController.swift in Sources */,
				579C8F751B04F6EE002E6E51 /* Skill.swift in Sources */,
				57D1C66A1AD52ECF00609C72 /* AppDelegate.swift in Sources */,
				579C8F731B04F6DA002E6E51 /* User.swift in Sources */,
			);
			runOnlyForDeploymentPostprocessing = 0;
		};
		57D1C6751AD52ECF00609C72 /* Sources */ = {
			isa = PBXSourcesBuildPhase;
			buildActionMask = 2147483647;
			files = (
				57D1C6801AD52ECF00609C72 /* MetalMindTests.swift in Sources */,
			);
			runOnlyForDeploymentPostprocessing = 0;
		};
/* End PBXSourcesBuildPhase section */

/* Begin PBXTargetDependency section */
		57D1C67B1AD52ECF00609C72 /* PBXTargetDependency */ = {
			isa = PBXTargetDependency;
			target = 57D1C6631AD52ECF00609C72 /* MetalMind */;
			targetProxy = 57D1C67A1AD52ECF00609C72 /* PBXContainerItemProxy */;
		};
/* End PBXTargetDependency section */

/* Begin PBXVariantGroup section */
		574980821B00B3DD00CE9A97 /* Main.storyboard */ = {
			isa = PBXVariantGroup;
			children = (
				574980831B00B3DD00CE9A97 /* Base */,
			);
			name = Main.storyboard;
			sourceTree = "<group>";
		};
		57D1C6721AD52ECF00609C72 /* LaunchScreen.xib */ = {
			isa = PBXVariantGroup;
			children = (
				57D1C6731AD52ECF00609C72 /* Base */,
			);
			name = LaunchScreen.xib;
			sourceTree = "<group>";
		};
/* End PBXVariantGroup section */

/* Begin XCBuildConfiguration section */
		57D1C6811AD52ECF00609C72 /* Debug */ = {
			isa = XCBuildConfiguration;
			buildSettings = {
				ALWAYS_SEARCH_USER_PATHS = NO;
				CLANG_CXX_LANGUAGE_STANDARD = "gnu++0x";
				CLANG_CXX_LIBRARY = "libc++";
				CLANG_ENABLE_MODULES = YES;
				CLANG_ENABLE_OBJC_ARC = YES;
				CLANG_WARN_BOOL_CONVERSION = YES;
				CLANG_WARN_CONSTANT_CONVERSION = YES;
				CLANG_WARN_DIRECT_OBJC_ISA_USAGE = YES_ERROR;
				CLANG_WARN_EMPTY_BODY = YES;
				CLANG_WARN_ENUM_CONVERSION = YES;
				CLANG_WARN_INT_CONVERSION = YES;
				CLANG_WARN_OBJC_ROOT_CLASS = YES_ERROR;
				CLANG_WARN_UNREACHABLE_CODE = YES;
				CLANG_WARN__DUPLICATE_METHOD_MATCH = YES;
				"CODE_SIGN_IDENTITY[sdk=iphoneos*]" = "iPhone Developer";
				COPY_PHASE_STRIP = NO;
				ENABLE_STRICT_OBJC_MSGSEND = YES;
				GCC_C_LANGUAGE_STANDARD = gnu99;
				GCC_DYNAMIC_NO_PIC = NO;
				GCC_OPTIMIZATION_LEVEL = 0;
				GCC_PREPROCESSOR_DEFINITIONS = (
					"DEBUG=1",
					"$(inherited)",
				);
				GCC_SYMBOLS_PRIVATE_EXTERN = NO;
				GCC_WARN_64_TO_32_BIT_CONVERSION = YES;
				GCC_WARN_ABOUT_RETURN_TYPE = YES_ERROR;
				GCC_WARN_UNDECLARED_SELECTOR = YES;
				GCC_WARN_UNINITIALIZED_AUTOS = YES_AGGRESSIVE;
				GCC_WARN_UNUSED_FUNCTION = YES;
				GCC_WARN_UNUSED_VARIABLE = YES;
				IPHONEOS_DEPLOYMENT_TARGET = 8.1;
				MTL_ENABLE_DEBUG_INFO = YES;
				ONLY_ACTIVE_ARCH = YES;
				SDKROOT = iphoneos;
				SWIFT_OPTIMIZATION_LEVEL = "-Onone";
			};
			name = Debug;
		};
		57D1C6821AD52ECF00609C72 /* Release */ = {
			isa = XCBuildConfiguration;
			buildSettings = {
				ALWAYS_SEARCH_USER_PATHS = NO;
				CLANG_CXX_LANGUAGE_STANDARD = "gnu++0x";
				CLANG_CXX_LIBRARY = "libc++";
				CLANG_ENABLE_MODULES = YES;
				CLANG_ENABLE_OBJC_ARC = YES;
				CLANG_WARN_BOOL_CONVERSION = YES;
				CLANG_WARN_CONSTANT_CONVERSION = YES;
				CLANG_WARN_DIRECT_OBJC_ISA_USAGE = YES_ERROR;
				CLANG_WARN_EMPTY_BODY = YES;
				CLANG_WARN_ENUM_CONVERSION = YES;
				CLANG_WARN_INT_CONVERSION = YES;
				CLANG_WARN_OBJC_ROOT_CLASS = YES_ERROR;
				CLANG_WARN_UNREACHABLE_CODE = YES;
				CLANG_WARN__DUPLICATE_METHOD_MATCH = YES;
				"CODE_SIGN_IDENTITY[sdk=iphoneos*]" = "iPhone Developer";
				COPY_PHASE_STRIP = NO;
				ENABLE_NS_ASSERTIONS = NO;
				ENABLE_STRICT_OBJC_MSGSEND = YES;
				GCC_C_LANGUAGE_STANDARD = gnu99;
				GCC_WARN_64_TO_32_BIT_CONVERSION = YES;
				GCC_WARN_ABOUT_RETURN_TYPE = YES_ERROR;
				GCC_WARN_UNDECLARED_SELECTOR = YES;
				GCC_WARN_UNINITIALIZED_AUTOS = YES_AGGRESSIVE;
				GCC_WARN_UNUSED_FUNCTION = YES;
				GCC_WARN_UNUSED_VARIABLE = YES;
				IPHONEOS_DEPLOYMENT_TARGET = 8.1;
				MTL_ENABLE_DEBUG_INFO = NO;
				SDKROOT = iphoneos;
				VALIDATE_PRODUCT = YES;
			};
			name = Release;
		};
		57D1C6841AD52ECF00609C72 /* Debug */ = {
			isa = XCBuildConfiguration;
			baseConfigurationReference = 4517CF1532232E21965A8836 /* Pods-MetalMind.debug.xcconfig */;
			buildSettings = {
				ASSETCATALOG_COMPILER_APPICON_NAME = AppIcon;
				FRAMEWORK_SEARCH_PATHS = "$(inherited)";
				HEADER_SEARCH_PATHS = (
					"$(inherited)",
					/Applications/Xcode.app/Contents/Developer/Toolchains/XcodeDefault.xctoolchain/usr/include,
				);
				INFOPLIST_FILE = MetalMind/Info.plist;
				IPHONEOS_DEPLOYMENT_TARGET = 8.0;
				LD_RUNPATH_SEARCH_PATHS = "$(inherited) @executable_path/Frameworks";
				PRODUCT_NAME = "$(TARGET_NAME)";
				SWIFT_OBJC_BRIDGING_HEADER = "MetalMind-Bridging-Header.h";
			};
			name = Debug;
		};
		57D1C6851AD52ECF00609C72 /* Release */ = {
			isa = XCBuildConfiguration;
			baseConfigurationReference = B098905582B444E282A95529 /* Pods-MetalMind.release.xcconfig */;
			buildSettings = {
				ASSETCATALOG_COMPILER_APPICON_NAME = AppIcon;
				FRAMEWORK_SEARCH_PATHS = "$(inherited)";
				HEADER_SEARCH_PATHS = (
					"$(inherited)",
					/Applications/Xcode.app/Contents/Developer/Toolchains/XcodeDefault.xctoolchain/usr/include,
				);
				INFOPLIST_FILE = MetalMind/Info.plist;
				IPHONEOS_DEPLOYMENT_TARGET = 8.0;
				LD_RUNPATH_SEARCH_PATHS = "$(inherited) @executable_path/Frameworks";
				PRODUCT_NAME = "$(TARGET_NAME)";
				SWIFT_OBJC_BRIDGING_HEADER = "MetalMind-Bridging-Header.h";
			};
			name = Release;
		};
		57D1C6871AD52ECF00609C72 /* Debug */ = {
			isa = XCBuildConfiguration;
			buildSettings = {
				BUNDLE_LOADER = "$(TEST_HOST)";
				FRAMEWORK_SEARCH_PATHS = (
					"$(SDKROOT)/Developer/Library/Frameworks",
					"$(inherited)",
				);
				GCC_PREPROCESSOR_DEFINITIONS = (
					"DEBUG=1",
					"$(inherited)",
				);
				INFOPLIST_FILE = MetalMindTests/Info.plist;
				LD_RUNPATH_SEARCH_PATHS = "$(inherited) @executable_path/Frameworks @loader_path/Frameworks";
				PRODUCT_NAME = "$(TARGET_NAME)";
				TEST_HOST = "$(BUILT_PRODUCTS_DIR)/MetalMind.app/MetalMind";
			};
			name = Debug;
		};
		57D1C6881AD52ECF00609C72 /* Release */ = {
			isa = XCBuildConfiguration;
			buildSettings = {
				BUNDLE_LOADER = "$(TEST_HOST)";
				FRAMEWORK_SEARCH_PATHS = (
					"$(SDKROOT)/Developer/Library/Frameworks",
					"$(inherited)",
				);
				INFOPLIST_FILE = MetalMindTests/Info.plist;
				LD_RUNPATH_SEARCH_PATHS = "$(inherited) @executable_path/Frameworks @loader_path/Frameworks";
				PRODUCT_NAME = "$(TARGET_NAME)";
				TEST_HOST = "$(BUILT_PRODUCTS_DIR)/MetalMind.app/MetalMind";
			};
			name = Release;
		};
/* End XCBuildConfiguration section */

/* Begin XCConfigurationList section */
		57D1C65F1AD52ECF00609C72 /* Build configuration list for PBXProject "MetalMind" */ = {
			isa = XCConfigurationList;
			buildConfigurations = (
				57D1C6811AD52ECF00609C72 /* Debug */,
				57D1C6821AD52ECF00609C72 /* Release */,
			);
			defaultConfigurationIsVisible = 0;
			defaultConfigurationName = Release;
		};
		57D1C6831AD52ECF00609C72 /* Build configuration list for PBXNativeTarget "MetalMind" */ = {
			isa = XCConfigurationList;
			buildConfigurations = (
				57D1C6841AD52ECF00609C72 /* Debug */,
				57D1C6851AD52ECF00609C72 /* Release */,
			);
			defaultConfigurationIsVisible = 0;
			defaultConfigurationName = Release;
		};
		57D1C6861AD52ECF00609C72 /* Build configuration list for PBXNativeTarget "MetalMindTests" */ = {
			isa = XCConfigurationList;
			buildConfigurations = (
				57D1C6871AD52ECF00609C72 /* Debug */,
				57D1C6881AD52ECF00609C72 /* Release */,
			);
			defaultConfigurationIsVisible = 0;
			defaultConfigurationName = Release;
		};
/* End XCConfigurationList section */
	};
	rootObject = 57D1C65C1AD52ECF00609C72 /* Project object */;
}
